
Microsoft Visual Studio Solution File, Format Version 12.00
# Visual Studio Version 16
VisualStudioVersion = 16.0.29911.98
MinimumVisualStudioVersion = 10.0.40219.1
Project("{9A19103F-16F7-4668-BE54-9A1E7A4F7556}") = "TestProgram", "TestProgram\TestProgram.csproj", "{E446E81B-ED19-4670-BDE2-3044AA51C6A3}"
EndProject
Project("{9A19103F-16F7-4668-BE54-9A1E7A4F7556}") = "LibraryA", "LibraryA\LibraryA.csproj", "{93E1F321-C389-4D21-B5B0-5DC334D5FE16}"
EndProject
Project("{9A19103F-16F7-4668-BE54-9A1E7A4F7556}") = "LibraryB", "LibraryB\LibraryB.csproj", "{1AC6439C-91FC-4333-B5BC-4CA36877A06F}"
EndProject
Global
	GlobalSection(SolutionConfigurationPlatforms) = preSolution
		Debug|Any CPU = Debug|Any CPU
		Release|Any CPU = Release|Any CPU
	EndGlobalSection
	GlobalSection(ProjectConfigurationPlatforms) = postSolution
		{E446E81B-ED19-4670-BDE2-3044AA51C6A3}.Debug|Any CPU.ActiveCfg = Debug|Any CPU
		{E446E81B-ED19-4670-BDE2-3044AA51C6A3}.Debug|Any CPU.Build.0 = Debug|Any CPU
		{E446E81B-ED19-4670-BDE2-3044AA51C6A3}.Release|Any CPU.ActiveCfg = Release|Any CPU
		{E446E81B-ED19-4670-BDE2-3044AA51C6A3}.Release|Any CPU.Build.0 = Release|Any CPU
		{93E1F321-C389-4D21-B5B0-5DC334D5FE16}.Debug|Any CPU.ActiveCfg = Debug|Any CPU
		{93E1F321-C389-4D21-B5B0-5DC334D5FE16}.Debug|Any CPU.Build.0 = Debug|Any CPU
		{93E1F321-C389-4D21-B5B0-5DC334D5FE16}.Release|Any CPU.ActiveCfg = Release|Any CPU
		{93E1F321-C389-4D21-B5B0-5DC334D5FE16}.Release|Any CPU.Build.0 = Release|Any CPU
		{1AC6439C-91FC-4333-B5BC-4CA36877A06F}.Debug|Any CPU.ActiveCfg = Debug|Any CPU
		{1AC6439C-91FC-4333-B5BC-4CA36877A06F}.Debug|Any CPU.Build.0 = Debug|Any CPU
		{1AC6439C-91FC-4333-B5BC-4CA36877A06F}.Release|Any CPU.ActiveCfg = Release|Any CPU
		{1AC6439C-91FC-4333-B5BC-4CA36877A06F}.Release|Any CPU.Build.0 = Release|Any CPU
	EndGlobalSection
	GlobalSection(SolutionProperties) = preSolution
		HideSolutionNode = FALSE
	EndGlobalSection
	GlobalSection(ExtensibilityGlobals) = postSolution
		SolutionGuid = {53A77601-9C64-47D3-9FBD-DBE1F3FC9D7B}
	EndGlobalSection
EndGlobal
